// !$*UTF8*$!
{
	archiveVersion = 1;
	classes = {
	};
	objectVersion = 56;
	objects = {

/* Begin PBXBuildFile section */
		07D604B32A02859E005982B0 /* CatchEmAllApp.swift in Sources */ = {isa = PBXBuildFile; fileRef = 07D604B22A02859E005982B0 /* CatchEmAllApp.swift */; };
		07D604B52A02859E005982B0 /* CreaturesListView.swift in Sources */ = {isa = PBXBuildFile; fileRef = 07D604B42A02859E005982B0 /* CreaturesListView.swift */; };
		07D604B72A02859F005982B0 /* Assets.xcassets in Resources */ = {isa = PBXBuildFile; fileRef = 07D604B62A02859F005982B0 /* Assets.xcassets */; };
		07D604BA2A02859F005982B0 /* Preview Assets.xcassets in Resources */ = {isa = PBXBuildFile; fileRef = 07D604B92A02859F005982B0 /* Preview Assets.xcassets */; };
		07D604C52A028AAF005982B0 /* CreaturesViewModel.swift in Sources */ = {isa = PBXBuildFile; fileRef = 07D604C42A028AAF005982B0 /* CreaturesViewModel.swift */; };
		07D604C92A028DAD005982B0 /* Returned.swift in Sources */ = {isa = PBXBuildFile; fileRef = 07D604C82A028DAD005982B0 /* Returned.swift */; };
		07D604CB2A02906C005982B0 /* Result.swift in Sources */ = {isa = PBXBuildFile; fileRef = 07D604CA2A02906C005982B0 /* Result.swift */; };
		07D604CD2A0291E1005982B0 /* DetailView.swift in Sources */ = {isa = PBXBuildFile; fileRef = 07D604CC2A0291E1005982B0 /* DetailView.swift */; };
/* End PBXBuildFile section */

/* Begin PBXFileReference section */
		07D604AF2A02859E005982B0 /* CatchEmAll.app */ = {isa = PBXFileReference; explicitFileType = wrapper.application; includeInIndex = 0; path = CatchEmAll.app; sourceTree = BUILT_PRODUCTS_DIR; };
		07D604B22A02859E005982B0 /* CatchEmAllApp.swift */ = {isa = PBXFileReference; lastKnownFileType = sourcecode.swift; path = CatchEmAllApp.swift; sourceTree = "<group>"; };
		07D604B42A02859E005982B0 /* CreaturesListView.swift */ = {isa = PBXFileReference; lastKnownFileType = sourcecode.swift; path = CreaturesListView.swift; sourceTree = "<group>"; };
		07D604B62A02859F005982B0 /* Assets.xcassets */ = {isa = PBXFileReference; lastKnownFileType = folder.assetcatalog; path = Assets.xcassets; sourceTree = "<group>"; };
		07D604B92A02859F005982B0 /* Preview Assets.xcassets */ = {isa = PBXFileReference; lastKnownFileType = folder.assetcatalog; path = "Preview Assets.xcassets"; sourceTree = "<group>"; };
		07D604C02A0285D6005982B0 /* Info.plist */ = {isa = PBXFileReference; lastKnownFileType = text.plist; path = Info.plist; sourceTree = "<group>"; };
		07D604C42A028AAF005982B0 /* CreaturesViewModel.swift */ = {isa = PBXFileReference; lastKnownFileType = sourcecode.swift; path = CreaturesViewModel.swift; sourceTree = "<group>"; };
		07D604C82A028DAD005982B0 /* Returned.swift */ = {isa = PBXFileReference; lastKnownFileType = sourcecode.swift; path = Returned.swift; sourceTree = "<group>"; };
		07D604CA2A02906C005982B0 /* Result.swift */ = {isa = PBXFileReference; lastKnownFileType = sourcecode.swift; path = Result.swift; sourceTree = "<group>"; };
		07D604CC2A0291E1005982B0 /* DetailView.swift */ = {isa = PBXFileReference; lastKnownFileType = sourcecode.swift; path = DetailView.swift; sourceTree = "<group>"; };
/* End PBXFileReference section */

/* Begin PBXFrameworksBuildPhase section */
		07D604AC2A02859E005982B0 /* Frameworks */ = {
			isa = PBXFrameworksBuildPhase;
			buildActionMask = 2147483647;
			files = (
			);
			runOnlyForDeploymentPostprocessing = 0;
		};
/* End PBXFrameworksBuildPhase section */

/* Begin PBXGroup section */
		07D604A62A02859E005982B0 = {
			isa = PBXGroup;
			children = (
				07D604B12A02859E005982B0 /* CatchEmAll */,
				07D604B02A02859E005982B0 /* Products */,
			);
			sourceTree = "<group>";
		};
		07D604B02A02859E005982B0 /* Products */ = {
			isa = PBXGroup;
			children = (
				07D604AF2A02859E005982B0 /* CatchEmAll.app */,
			);
			name = Products;
			sourceTree = "<group>";
		};
		07D604B12A02859E005982B0 /* CatchEmAll */ = {
			isa = PBXGroup;
			children = (
				07D604B22A02859E005982B0 /* CatchEmAllApp.swift */,
				07D604C02A0285D6005982B0 /* Info.plist */,
				07D604C32A0285F6005982B0 /* Views */,
				07D604C22A0285F0005982B0 /* View Models */,
				07D604C12A0285EA005982B0 /* Models */,
				07D604B62A02859F005982B0 /* Assets.xcassets */,
				07D604B82A02859F005982B0 /* Preview Content */,
			);
			path = CatchEmAll;
			sourceTree = "<group>";
		};
		07D604B82A02859F005982B0 /* Preview Content */ = {
			isa = PBXGroup;
			children = (
				07D604B92A02859F005982B0 /* Preview Assets.xcassets */,
			);
			path = "Preview Content";
			sourceTree = "<group>";
		};
		07D604C12A0285EA005982B0 /* Models */ = {
			isa = PBXGroup;
			children = (
				07D604C82A028DAD005982B0 /* Returned.swift */,
				07D604CA2A02906C005982B0 /* Result.swift */,
			);
			path = Models;
			sourceTree = "<group>";
		};
		07D604C22A0285F0005982B0 /* View Models */ = {
			isa = PBXGroup;
			children = (
				07D604C42A028AAF005982B0 /* CreaturesViewModel.swift */,
			);
			path = "View Models";
			sourceTree = "<group>";
		};
		07D604C32A0285F6005982B0 /* Views */ = {
			isa = PBXGroup;
			children = (
				07D604B42A02859E005982B0 /* CreaturesListView.swift */,
				07D604CC2A0291E1005982B0 /* DetailView.swift */,
			);
			path = Views;
			sourceTree = "<group>";
		};
/* End PBXGroup section */

/* Begin PBXNativeTarget section */
		07D604AE2A02859E005982B0 /* CatchEmAll */ = {
			isa = PBXNativeTarget;
			buildConfigurationList = 07D604BD2A02859F005982B0 /* Build configuration list for PBXNativeTarget "CatchEmAll" */;
			buildPhases = (
				07D604AB2A02859E005982B0 /* Sources */,
				07D604AC2A02859E005982B0 /* Frameworks */,
				07D604AD2A02859E005982B0 /* Resources */,
			);
			buildRules = (
			);
			dependencies = (
			);
			name = CatchEmAll;
			productName = CatchEmAll;
			productReference = 07D604AF2A02859E005982B0 /* CatchEmAll.app */;
			productType = "com.apple.product-type.application";
		};
/* End PBXNativeTarget section */

/* Begin PBXProject section */
		07D604A72A02859E005982B0 /* Project object */ = {
			isa = PBXProject;
			attributes = {
				BuildIndependentTargetsInParallel = 1;
				LastSwiftUpdateCheck = 1430;
				LastUpgradeCheck = 1430;
				TargetAttributes = {
					07D604AE2A02859E005982B0 = {
						CreatedOnToolsVersion = 14.3;
					};
				};
			};
			buildConfigurationList = 07D604AA2A02859E005982B0 /* Build configuration list for PBXProject "CatchEmAll" */;
			compatibilityVersion = "Xcode 14.0";
			developmentRegion = en;
			hasScannedForEncodings = 0;
			knownRegions = (
				en,
				Base,
			);
			mainGroup = 07D604A62A02859E005982B0;
			productRefGroup = 07D604B02A02859E005982B0 /* Products */;
			projectDirPath = "";
			projectRoot = "";
			targets = (
				07D604AE2A02859E005982B0 /* CatchEmAll */,
			);
		};
/* End PBXProject section */

/* Begin PBXResourcesBuildPhase section */
		07D604AD2A02859E005982B0 /* Resources */ = {
			isa = PBXResourcesBuildPhase;
			buildActionMask = 2147483647;
			files = (
				07D604BA2A02859F005982B0 /* Preview Assets.xcassets in Resources */,
				07D604B72A02859F005982B0 /* Assets.xcassets in Resources */,
			);
			runOnlyForDeploymentPostprocessing = 0;
		};
/* End PBXResourcesBuildPhase section */

/* Begin PBXSourcesBuildPhase section */
		07D604AB2A02859E005982B0 /* Sources */ = {
			isa = PBXSourcesBuildPhase;
			buildActionMask = 2147483647;
			files = (
				07D604C92A028DAD005982B0 /* Returned.swift in Sources */,
				07D604CD2A0291E1005982B0 /* DetailView.swift in Sources */,
				07D604CB2A02906C005982B0 /* Result.swift in Sources */,
				07D604C52A028AAF005982B0 /* CreaturesViewModel.swift in Sources */,
				07D604B52A02859E005982B0 /* CreaturesListView.swift in Sources */,
				07D604B32A02859E005982B0 /* CatchEmAllApp.swift in Sources */,
			);
			runOnlyForDeploymentPostprocessing = 0;
		};
/* End PBXSourcesBuildPhase section */

/* Begin XCBuildConfiguration section */
		07D604BB2A02859F005982B0 /* Debug */ = {
			isa = XCBuildConfiguration;
			buildSettings = {
				ALWAYS_SEARCH_USER_PATHS = NO;
				CLANG_ANALYZER_NONNULL = YES;
				CLANG_ANALYZER_NUMBER_OBJECT_CONVERSION = YES_AGGRESSIVE;
				CLANG_CXX_LANGUAGE_STANDARD = "gnu++20";
				CLANG_ENABLE_MODULES = YES;
				CLANG_ENABLE_OBJC_ARC = YES;
				CLANG_ENABLE_OBJC_WEAK = YES;
				CLANG_WARN_BLOCK_CAPTURE_AUTORELEASING = YES;
				CLANG_WARN_BOOL_CONVERSION = YES;
				CLANG_WARN_COMMA = YES;
				CLANG_WARN_CONSTANT_CONVERSION = YES;
				CLANG_WARN_DEPRECATED_OBJC_IMPLEMENTATIONS = YES;
				CLANG_WARN_DIRECT_OBJC_ISA_USAGE = YES_ERROR;
				CLANG_WARN_DOCUMENTATION_COMMENTS = YES;
				CLANG_WARN_EMPTY_BODY = YES;
				CLANG_WARN_ENUM_CONVERSION = YES;
				CLANG_WARN_INFINITE_RECURSION = YES;
				CLANG_WARN_INT_CONVERSION = YES;
				CLANG_WARN_NON_LITERAL_NULL_CONVERSION = YES;
				CLANG_WARN_OBJC_IMPLICIT_RETAIN_SELF = YES;
				CLANG_WARN_OBJC_LITERAL_CONVERSION = YES;
				CLANG_WARN_OBJC_ROOT_CLASS = YES_ERROR;
				CLANG_WARN_QUOTED_INCLUDE_IN_FRAMEWORK_HEADER = YES;
				CLANG_WARN_RANGE_LOOP_ANALYSIS = YES;
				CLANG_WARN_STRICT_PROTOTYPES = YES;
				CLANG_WARN_SUSPICIOUS_MOVE = YES;
				CLANG_WARN_UNGUARDED_AVAILABILITY = YES_AGGRESSIVE;
				CLANG_WARN_UNREACHABLE_CODE = YES;
				CLANG_WARN__DUPLICATE_METHOD_MATCH = YES;
				COPY_PHASE_STRIP = NO;
				DEBUG_INFORMATION_FORMAT = dwarf;
				ENABLE_STRICT_OBJC_MSGSEND = YES;
				ENABLE_TESTABILITY = YES;
				GCC_C_LANGUAGE_STANDARD = gnu11;
				GCC_DYNAMIC_NO_PIC = NO;
				GCC_NO_COMMON_BLOCKS = YES;
				GCC_OPTIMIZATION_LEVEL = 0;
				GCC_PREPROCESSOR_DEFINITIONS = (
					"DEBUG=1",
					"$(inherited)",
				);
				GCC_WARN_64_TO_32_BIT_CONVERSION = YES;
				GCC_WARN_ABOUT_RETURN_TYPE = YES_ERROR;
				GCC_WARN_UNDECLARED_SELECTOR = YES;
				GCC_WARN_UNINITIALIZED_AUTOS = YES_AGGRESSIVE;
				GCC_WARN_UNUSED_FUNCTION = YES;
				GCC_WARN_UNUSED_VARIABLE = YES;
				IPHONEOS_DEPLOYMENT_TARGET = 16.4;
				MTL_ENABLE_DEBUG_INFO = INCLUDE_SOURCE;
				MTL_FAST_MATH = YES;
				ONLY_ACTIVE_ARCH = YES;
				SDKROOT = iphoneos;
				SWIFT_ACTIVE_COMPILATION_CONDITIONS = DEBUG;
				SWIFT_OPTIMIZATION_LEVEL = "-Onone";
			};
			name = Debug;
		};
		07D604BC2A02859F005982B0 /* Release */ = {
			isa = XCBuildConfiguration;
			buildSettings = {
				ALWAYS_SEARCH_USER_PATHS = NO;
				CLANG_ANALYZER_NONNULL = YES;
				CLANG_ANALYZER_NUMBER_OBJECT_CONVERSION = YES_AGGRESSIVE;
				CLANG_CXX_LANGUAGE_STANDARD = "gnu++20";
				CLANG_ENABLE_MODULES = YES;
				CLANG_ENABLE_OBJC_ARC = YES;
				CLANG_ENABLE_OBJC_WEAK = YES;
				CLANG_WARN_BLOCK_CAPTURE_AUTORELEASING = YES;
				CLANG_WARN_BOOL_CONVERSION = YES;
				CLANG_WARN_COMMA = YES;
				CLANG_WARN_CONSTANT_CONVERSION = YES;
				CLANG_WARN_DEPRECATED_OBJC_IMPLEMENTATIONS = YES;
				CLANG_WARN_DIRECT_OBJC_ISA_USAGE = YES_ERROR;
				CLANG_WARN_DOCUMENTATION_COMMENTS = YES;
				CLANG_WARN_EMPTY_BODY = YES;
				CLANG_WARN_ENUM_CONVERSION = YES;
				CLANG_WARN_INFINITE_RECURSION = YES;
				CLANG_WARN_INT_CONVERSION = YES;
				CLANG_WARN_NON_LITERAL_NULL_CONVERSION = YES;
				CLANG_WARN_OBJC_IMPLICIT_RETAIN_SELF = YES;
				CLANG_WARN_OBJC_LITERAL_CONVERSION = YES;
				CLANG_WARN_OBJC_ROOT_CLASS = YES_ERROR;
				CLANG_WARN_QUOTED_INCLUDE_IN_FRAMEWORK_HEADER = YES;
				CLANG_WARN_RANGE_LOOP_ANALYSIS = YES;
				CLANG_WARN_STRICT_PROTOTYPES = YES;
				CLANG_WARN_SUSPICIOUS_MOVE = YES;
				CLANG_WARN_UNGUARDED_AVAILABILITY = YES_AGGRESSIVE;
				CLANG_WARN_UNREACHABLE_CODE = YES;
				CLANG_WARN__DUPLICATE_METHOD_MATCH = YES;
				COPY_PHASE_STRIP = NO;
				DEBUG_INFORMATION_FORMAT = "dwarf-with-dsym";
				ENABLE_NS_ASSERTIONS = NO;
				ENABLE_STRICT_OBJC_MSGSEND = YES;
				GCC_C_LANGUAGE_STANDARD = gnu11;
				GCC_NO_COMMON_BLOCKS = YES;
				GCC_WARN_64_TO_32_BIT_CONVERSION = YES;
				GCC_WARN_ABOUT_RETURN_TYPE = YES_ERROR;
				GCC_WARN_UNDECLARED_SELECTOR = YES;
				GCC_WARN_UNINITIALIZED_AUTOS = YES_AGGRESSIVE;
				GCC_WARN_UNUSED_FUNCTION = YES;
				GCC_WARN_UNUSED_VARIABLE = YES;
				IPHONEOS_DEPLOYMENT_TARGET = 16.4;
				MTL_ENABLE_DEBUG_INFO = NO;
				MTL_FAST_MATH = YES;
				SDKROOT = iphoneos;
				SWIFT_COMPILATION_MODE = wholemodule;
				SWIFT_OPTIMIZATION_LEVEL = "-O";
				VALIDATE_PRODUCT = YES;
			};
			name = Release;
		};
		07D604BE2A02859F005982B0 /* Debug */ = {
			isa = XCBuildConfiguration;
			buildSettings = {
				ASSETCATALOG_COMPILER_APPICON_NAME = AppIcon;
				ASSETCATALOG_COMPILER_GLOBAL_ACCENT_COLOR_NAME = AccentColor;
				CODE_SIGN_STYLE = Automatic;
				CURRENT_PROJECT_VERSION = 1;
				DEVELOPMENT_ASSET_PATHS = "\"CatchEmAll/Preview Content\"";
				DEVELOPMENT_TEAM = H7MDDDPC4H;
				ENABLE_PREVIEWS = YES;
				GENERATE_INFOPLIST_FILE = YES;
				INFOPLIST_FILE = CatchEmAll/Info.plist;
				INFOPLIST_KEY_UIApplicationSceneManifest_Generation = YES;
				INFOPLIST_KEY_UIApplicationSupportsIndirectInputEvents = YES;
				INFOPLIST_KEY_UISupportedInterfaceOrientations_iPad = "UIInterfaceOrientationPortrait UIInterfaceOrientationPortraitUpsideDown UIInterfaceOrientationLandscapeLeft UIInterfaceOrientationLandscapeRight";
				INFOPLIST_KEY_UISupportedInterfaceOrientations_iPhone = "UIInterfaceOrientationPortrait UIInterfaceOrientationLandscapeLeft UIInterfaceOrientationLandscapeRight";
				LD_RUNPATH_SEARCH_PATHS = (
					"$(inherited)",
					"@executable_path/Frameworks",
				);
				MARKETING_VERSION = 1.0;
				PRODUCT_BUNDLE_IDENTIFIER = Eric.CatchEmAll;
				PRODUCT_NAME = "$(TARGET_NAME)";
				SWIFT_EMIT_LOC_STRINGS = YES;
				SWIFT_VERSION = 5.0;
				TARGETED_DEVICE_FAMILY = "1,2";
			};
			name = Debug;
		};
		07D604BF2A02859F005982B0 /* Release */ = {
			isa = XCBuildConfiguration;
			buildSettings = {
				ASSETCATALOG_COMPILER_APPICON_NAME = AppIcon;
				ASSETCATALOG_COMPILER_GLOBAL_ACCENT_COLOR_NAME = AccentColor;
				CODE_SIGN_STYLE = Automatic;
				CURRENT_PROJECT_VERSION = 1;
				DEVELOPMENT_ASSET_PATHS = "\"CatchEmAll/Preview Content\"";
				DEVELOPMENT_TEAM = H7MDDDPC4H;
				ENABLE_PREVIEWS = YES;
				GENERATE_INFOPLIST_FILE = YES;
				INFOPLIST_FILE = CatchEmAll/Info.plist;
				INFOPLIST_KEY_UIApplicationSceneManifest_Generation = YES;
				INFOPLIST_KEY_UIApplicationSupportsIndirectInputEvents = YES;
				INFOPLIST_KEY_UISupportedInterfaceOrientations_iPad = "UIInterfaceOrientationPortrait UIInterfaceOrientationPortraitUpsideDown UIInterfaceOrientationLandscapeLeft UIInterfaceOrientationLandscapeRight";
				INFOPLIST_KEY_UISupportedInterfaceOrientations_iPhone = "UIInterfaceOrientationPortrait UIInterfaceOrientationLandscapeLeft UIInterfaceOrientationLandscapeRight";
				LD_RUNPATH_SEARCH_PATHS = (
					"$(inherited)",
					"@executable_path/Frameworks",
				);
				MARKETING_VERSION = 1.0;
				PRODUCT_BUNDLE_IDENTIFIER = Eric.CatchEmAll;
				PRODUCT_NAME = "$(TARGET_NAME)";
				SWIFT_EMIT_LOC_STRINGS = YES;
				SWIFT_VERSION = 5.0;
				TARGETED_DEVICE_FAMILY = "1,2";
			};
			name = Release;
		};
/* End XCBuildConfiguration section */

/* Begin XCConfigurationList section */
		07D604AA2A02859E005982B0 /* Build configuration list for PBXProject "CatchEmAll" */ = {
			isa = XCConfigurationList;
			buildConfigurations = (
				07D604BB2A02859F005982B0 /* Debug */,
				07D604BC2A02859F005982B0 /* Release */,
			);
			defaultConfigurationIsVisible = 0;
			defaultConfigurationName = Release;
		};
		07D604BD2A02859F005982B0 /* Build configuration list for PBXNativeTarget "CatchEmAll" */ = {
			isa = XCConfigurationList;
			buildConfigurations = (
				07D604BE2A02859F005982B0 /* Debug */,
				07D604BF2A02859F005982B0 /* Release */,
			);
			defaultConfigurationIsVisible = 0;
			defaultConfigurationName = Release;
		};
/* End XCConfigurationList section */
	};
	rootObject = 07D604A72A02859E005982B0 /* Project object */;
}
